// !$*UTF8*$!
{
	archiveVersion = 1;
	classes = {
	};
	objectVersion = 60;
	objects = {

/* Begin PBXBuildFile section */
		45AADD8B2C196EE400DFAD20 /* XFormApp.swift in Sources */ = {isa = PBXBuildFile; fileRef = 45AADD8A2C196EE400DFAD20 /* XFormApp.swift */; };
		45AADD8D2C196EE400DFAD20 /* ContentView.swift in Sources */ = {isa = PBXBuildFile; fileRef = 45AADD8C2C196EE400DFAD20 /* ContentView.swift */; };
		45AADD8F2C196EE500DFAD20 /* Assets.xcassets in Resources */ = {isa = PBXBuildFile; fileRef = 45AADD8E2C196EE500DFAD20 /* Assets.xcassets */; };
		45AADD932C196EE500DFAD20 /* Preview Assets.xcassets in Resources */ = {isa = PBXBuildFile; fileRef = 45AADD922C196EE500DFAD20 /* Preview Assets.xcassets */; };
		45AADD9D2C196EE500DFAD20 /* XFormTests.swift in Sources */ = {isa = PBXBuildFile; fileRef = 45AADD9C2C196EE500DFAD20 /* XFormTests.swift */; };
		45AADDA72C196EE500DFAD20 /* XFormUITests.swift in Sources */ = {isa = PBXBuildFile; fileRef = 45AADDA62C196EE500DFAD20 /* XFormUITests.swift */; };
		45AADDA92C196EE500DFAD20 /* XFormUITestsLaunchTests.swift in Sources */ = {isa = PBXBuildFile; fileRef = 45AADDA82C196EE500DFAD20 /* XFormUITestsLaunchTests.swift */; };
/* End PBXBuildFile section */

/* Begin PBXContainerItemProxy section */
		45AADD992C196EE500DFAD20 /* PBXContainerItemProxy */ = {
			isa = PBXContainerItemProxy;
			containerPortal = 45AADD7F2C196EE400DFAD20 /* Project object */;
			proxyType = 1;
			remoteGlobalIDString = 45AADD862C196EE400DFAD20;
			remoteInfo = XForm;
		};
		45AADDA32C196EE500DFAD20 /* PBXContainerItemProxy */ = {
			isa = PBXContainerItemProxy;
			containerPortal = 45AADD7F2C196EE400DFAD20 /* Project object */;
			proxyType = 1;
			remoteGlobalIDString = 45AADD862C196EE400DFAD20;
			remoteInfo = XForm;
		};
/* End PBXContainerItemProxy section */

/* Begin PBXFileReference section */
		45AADD872C196EE400DFAD20 /* XForm.app */ = {isa = PBXFileReference; explicitFileType = wrapper.application; includeInIndex = 0; path = XForm.app; sourceTree = BUILT_PRODUCTS_DIR; };
		45AADD8A2C196EE400DFAD20 /* XFormApp.swift */ = {isa = PBXFileReference; lastKnownFileType = sourcecode.swift; path = XFormApp.swift; sourceTree = "<group>"; };
		45AADD8C2C196EE400DFAD20 /* ContentView.swift */ = {isa = PBXFileReference; lastKnownFileType = sourcecode.swift; path = ContentView.swift; sourceTree = "<group>"; };
		45AADD8E2C196EE500DFAD20 /* Assets.xcassets */ = {isa = PBXFileReference; lastKnownFileType = folder.assetcatalog; path = Assets.xcassets; sourceTree = "<group>"; };
		45AADD902C196EE500DFAD20 /* XForm.entitlements */ = {isa = PBXFileReference; lastKnownFileType = text.plist.entitlements; path = XForm.entitlements; sourceTree = "<group>"; };
		45AADD922C196EE500DFAD20 /* Preview Assets.xcassets */ = {isa = PBXFileReference; lastKnownFileType = folder.assetcatalog; path = "Preview Assets.xcassets"; sourceTree = "<group>"; };
		45AADD982C196EE500DFAD20 /* XFormTests.xctest */ = {isa = PBXFileReference; explicitFileType = wrapper.cfbundle; includeInIndex = 0; path = XFormTests.xctest; sourceTree = BUILT_PRODUCTS_DIR; };
		45AADD9C2C196EE500DFAD20 /* XFormTests.swift */ = {isa = PBXFileReference; lastKnownFileType = sourcecode.swift; path = XFormTests.swift; sourceTree = "<group>"; };
		45AADDA22C196EE500DFAD20 /* XFormUITests.xctest */ = {isa = PBXFileReference; explicitFileType = wrapper.cfbundle; includeInIndex = 0; path = XFormUITests.xctest; sourceTree = BUILT_PRODUCTS_DIR; };
		45AADDA62C196EE500DFAD20 /* XFormUITests.swift */ = {isa = PBXFileReference; lastKnownFileType = sourcecode.swift; path = XFormUITests.swift; sourceTree = "<group>"; };
		45AADDA82C196EE500DFAD20 /* XFormUITestsLaunchTests.swift */ = {isa = PBXFileReference; lastKnownFileType = sourcecode.swift; path = XFormUITestsLaunchTests.swift; sourceTree = "<group>"; };
/* End PBXFileReference section */

/* Begin PBXFrameworksBuildPhase section */
		45AADD842C196EE400DFAD20 /* Frameworks */ = {
			isa = PBXFrameworksBuildPhase;
			buildActionMask = 2147483647;
			files = (
			);
			runOnlyForDeploymentPostprocessing = 0;
		};
		45AADD952C196EE500DFAD20 /* Frameworks */ = {
			isa = PBXFrameworksBuildPhase;
			buildActionMask = 2147483647;
			files = (
			);
			runOnlyForDeploymentPostprocessing = 0;
		};
		45AADD9F2C196EE500DFAD20 /* Frameworks */ = {
			isa = PBXFrameworksBuildPhase;
			buildActionMask = 2147483647;
			files = (
			);
			runOnlyForDeploymentPostprocessing = 0;
		};
/* End PBXFrameworksBuildPhase section */

/* Begin PBXGroup section */
		45AADD7E2C196EE400DFAD20 = {
			isa = PBXGroup;
			children = (
				45AADD892C196EE400DFAD20 /* XForm */,
				45AADD9B2C196EE500DFAD20 /* XFormTests */,
				45AADDA52C196EE500DFAD20 /* XFormUITests */,
				45AADD882C196EE400DFAD20 /* Products */,
			);
			sourceTree = "<group>";
		};
		45AADD882C196EE400DFAD20 /* Products */ = {
			isa = PBXGroup;
			children = (
				45AADD872C196EE400DFAD20 /* XForm.app */,
				45AADD982C196EE500DFAD20 /* XFormTests.xctest */,
				45AADDA22C196EE500DFAD20 /* XFormUITests.xctest */,
			);
			name = Products;
			sourceTree = "<group>";
		};
		45AADD892C196EE400DFAD20 /* XForm */ = {
			isa = PBXGroup;
			children = (
				45AADD8A2C196EE400DFAD20 /* XFormApp.swift */,
				45AADD8C2C196EE400DFAD20 /* ContentView.swift */,
				45AADD8E2C196EE500DFAD20 /* Assets.xcassets */,
				45AADD902C196EE500DFAD20 /* XForm.entitlements */,
				45AADD912C196EE500DFAD20 /* Preview Content */,
			);
			path = XForm;
			sourceTree = "<group>";
		};
		45AADD912C196EE500DFAD20 /* Preview Content */ = {
			isa = PBXGroup;
			children = (
				45AADD922C196EE500DFAD20 /* Preview Assets.xcassets */,
			);
			path = "Preview Content";
			sourceTree = "<group>";
		};
		45AADD9B2C196EE500DFAD20 /* XFormTests */ = {
			isa = PBXGroup;
			children = (
				45AADD9C2C196EE500DFAD20 /* XFormTests.swift */,
			);
			path = XFormTests;
			sourceTree = "<group>";
		};
		45AADDA52C196EE500DFAD20 /* XFormUITests */ = {
			isa = PBXGroup;
			children = (
				45AADDA62C196EE500DFAD20 /* XFormUITests.swift */,
				45AADDA82C196EE500DFAD20 /* XFormUITestsLaunchTests.swift */,
			);
			path = XFormUITests;
			sourceTree = "<group>";
		};
/* End PBXGroup section */

/* Begin PBXNativeTarget section */
		45AADD862C196EE400DFAD20 /* XForm */ = {
			isa = PBXNativeTarget;
			buildConfigurationList = 45AADDAC2C196EE500DFAD20 /* Build configuration list for PBXNativeTarget "XForm" */;
			buildPhases = (
				45AADD832C196EE400DFAD20 /* Sources */,
				45AADD842C196EE400DFAD20 /* Frameworks */,
				45AADD852C196EE400DFAD20 /* Resources */,
			);
			buildRules = (
			);
			dependencies = (
			);
			name = XForm;
			productName = XForm;
			productReference = 45AADD872C196EE400DFAD20 /* XForm.app */;
			productType = "com.apple.product-type.application";
		};
		45AADD972C196EE500DFAD20 /* XFormTests */ = {
			isa = PBXNativeTarget;
			buildConfigurationList = 45AADDAF2C196EE500DFAD20 /* Build configuration list for PBXNativeTarget "XFormTests" */;
			buildPhases = (
				45AADD942C196EE500DFAD20 /* Sources */,
				45AADD952C196EE500DFAD20 /* Frameworks */,
				45AADD962C196EE500DFAD20 /* Resources */,
			);
			buildRules = (
			);
			dependencies = (
				45AADD9A2C196EE500DFAD20 /* PBXTargetDependency */,
			);
			name = XFormTests;
			productName = XFormTests;
			productReference = 45AADD982C196EE500DFAD20 /* XFormTests.xctest */;
			productType = "com.apple.product-type.bundle.unit-test";
		};
		45AADDA12C196EE500DFAD20 /* XFormUITests */ = {
			isa = PBXNativeTarget;
			buildConfigurationList = 45AADDB22C196EE500DFAD20 /* Build configuration list for PBXNativeTarget "XFormUITests" */;
			buildPhases = (
				45AADD9E2C196EE500DFAD20 /* Sources */,
				45AADD9F2C196EE500DFAD20 /* Frameworks */,
				45AADDA02C196EE500DFAD20 /* Resources */,
			);
			buildRules = (
			);
			dependencies = (
				45AADDA42C196EE500DFAD20 /* PBXTargetDependency */,
			);
			name = XFormUITests;
			productName = XFormUITests;
			productReference = 45AADDA22C196EE500DFAD20 /* XFormUITests.xctest */;
			productType = "com.apple.product-type.bundle.ui-testing";
		};
/* End PBXNativeTarget section */

/* Begin PBXProject section */
		45AADD7F2C196EE400DFAD20 /* Project object */ = {
			isa = PBXProject;
			attributes = {
				BuildIndependentTargetsInParallel = 1;
				LastSwiftUpdateCheck = 1600;
				LastUpgradeCheck = 1600;
				TargetAttributes = {
					45AADD862C196EE400DFAD20 = {
						CreatedOnToolsVersion = 16.0;
					};
					45AADD972C196EE500DFAD20 = {
						CreatedOnToolsVersion = 16.0;
						TestTargetID = 45AADD862C196EE400DFAD20;
					};
					45AADDA12C196EE500DFAD20 = {
						CreatedOnToolsVersion = 16.0;
						TestTargetID = 45AADD862C196EE400DFAD20;
					};
				};
			};
			buildConfigurationList = 45AADD822C196EE400DFAD20 /* Build configuration list for PBXProject "XForm" */;
			compatibilityVersion = "Xcode 15.0";
			developmentRegion = en;
			hasScannedForEncodings = 0;
			knownRegions = (
				en,
				Base,
			);
			mainGroup = 45AADD7E2C196EE400DFAD20;
			productRefGroup = 45AADD882C196EE400DFAD20 /* Products */;
			projectDirPath = "";
			projectRoot = "";
			targets = (
				45AADD862C196EE400DFAD20 /* XForm */,
				45AADD972C196EE500DFAD20 /* XFormTests */,
				45AADDA12C196EE500DFAD20 /* XFormUITests */,
			);
		};
/* End PBXProject section */

/* Begin PBXResourcesBuildPhase section */
		45AADD852C196EE400DFAD20 /* Resources */ = {
			isa = PBXResourcesBuildPhase;
			buildActionMask = 2147483647;
			files = (
				45AADD932C196EE500DFAD20 /* Preview Assets.xcassets in Resources */,
				45AADD8F2C196EE500DFAD20 /* Assets.xcassets in Resources */,
			);
			runOnlyForDeploymentPostprocessing = 0;
		};
		45AADD962C196EE500DFAD20 /* Resources */ = {
			isa = PBXResourcesBuildPhase;
			buildActionMask = 2147483647;
			files = (
			);
			runOnlyForDeploymentPostprocessing = 0;
		};
		45AADDA02C196EE500DFAD20 /* Resources */ = {
			isa = PBXResourcesBuildPhase;
			buildActionMask = 2147483647;
			files = (
			);
			runOnlyForDeploymentPostprocessing = 0;
		};
/* End PBXResourcesBuildPhase section */

/* Begin PBXSourcesBuildPhase section */
		45AADD832C196EE400DFAD20 /* Sources */ = {
			isa = PBXSourcesBuildPhase;
			buildActionMask = 2147483647;
			files = (
				45AADD8D2C196EE400DFAD20 /* ContentView.swift in Sources */,
				45AADD8B2C196EE400DFAD20 /* XFormApp.swift in Sources */,
			);
			runOnlyForDeploymentPostprocessing = 0;
		};
		45AADD942C196EE500DFAD20 /* Sources */ = {
			isa = PBXSourcesBuildPhase;
			buildActionMask = 2147483647;
			files = (
				45AADD9D2C196EE500DFAD20 /* XFormTests.swift in Sources */,
			);
			runOnlyForDeploymentPostprocessing = 0;
		};
		45AADD9E2C196EE500DFAD20 /* Sources */ = {
			isa = PBXSourcesBuildPhase;
			buildActionMask = 2147483647;
			files = (
				45AADDA72C196EE500DFAD20 /* XFormUITests.swift in Sources */,
				45AADDA92C196EE500DFAD20 /* XFormUITestsLaunchTests.swift in Sources */,
			);
			runOnlyForDeploymentPostprocessing = 0;
		};
/* End PBXSourcesBuildPhase section */

/* Begin PBXTargetDependency section */
		45AADD9A2C196EE500DFAD20 /* PBXTargetDependency */ = {
			isa = PBXTargetDependency;
			target = 45AADD862C196EE400DFAD20 /* XForm */;
			targetProxy = 45AADD992C196EE500DFAD20 /* PBXContainerItemProxy */;
		};
		45AADDA42C196EE500DFAD20 /* PBXTargetDependency */ = {
			isa = PBXTargetDependency;
			target = 45AADD862C196EE400DFAD20 /* XForm */;
			targetProxy = 45AADDA32C196EE500DFAD20 /* PBXContainerItemProxy */;
		};
/* End PBXTargetDependency section */

/* Begin XCBuildConfiguration section */
		45AADDAA2C196EE500DFAD20 /* Debug */ = {
			isa = XCBuildConfiguration;
			buildSettings = {
				ALWAYS_SEARCH_USER_PATHS = NO;
				ASSETCATALOG_COMPILER_GENERATE_SWIFT_ASSET_SYMBOL_EXTENSIONS = YES;
				CLANG_ANALYZER_NONNULL = YES;
				CLANG_ANALYZER_NUMBER_OBJECT_CONVERSION = YES_AGGRESSIVE;
				CLANG_CXX_LANGUAGE_STANDARD = "gnu++20";
				CLANG_ENABLE_MODULES = YES;
				CLANG_ENABLE_OBJC_ARC = YES;
				CLANG_ENABLE_OBJC_WEAK = YES;
				CLANG_WARN_BLOCK_CAPTURE_AUTORELEASING = YES;
				CLANG_WARN_BOOL_CONVERSION = YES;
				CLANG_WARN_COMMA = YES;
				CLANG_WARN_CONSTANT_CONVERSION = YES;
				CLANG_WARN_DEPRECATED_OBJC_IMPLEMENTATIONS = YES;
				CLANG_WARN_DIRECT_OBJC_ISA_USAGE = YES_ERROR;
				CLANG_WARN_DOCUMENTATION_COMMENTS = YES;
				CLANG_WARN_EMPTY_BODY = YES;
				CLANG_WARN_ENUM_CONVERSION = YES;
				CLANG_WARN_INFINITE_RECURSION = YES;
				CLANG_WARN_INT_CONVERSION = YES;
				CLANG_WARN_NON_LITERAL_NULL_CONVERSION = YES;
				CLANG_WARN_OBJC_IMPLICIT_RETAIN_SELF = YES;
				CLANG_WARN_OBJC_LITERAL_CONVERSION = YES;
				CLANG_WARN_OBJC_ROOT_CLASS = YES_ERROR;
				CLANG_WARN_QUOTED_INCLUDE_IN_FRAMEWORK_HEADER = YES;
				CLANG_WARN_RANGE_LOOP_ANALYSIS = YES;
				CLANG_WARN_STRICT_PROTOTYPES = YES;
				CLANG_WARN_SUSPICIOUS_MOVE = YES;
				CLANG_WARN_UNGUARDED_AVAILABILITY = YES_AGGRESSIVE;
				CLANG_WARN_UNREACHABLE_CODE = YES;
				CLANG_WARN__DUPLICATE_METHOD_MATCH = YES;
				COPY_PHASE_STRIP = NO;
				DEBUG_INFORMATION_FORMAT = dwarf;
				ENABLE_STRICT_OBJC_MSGSEND = YES;
				ENABLE_TESTABILITY = YES;
				ENABLE_USER_SCRIPT_SANDBOXING = YES;
				GCC_C_LANGUAGE_STANDARD = gnu17;
				GCC_DYNAMIC_NO_PIC = NO;
				GCC_NO_COMMON_BLOCKS = YES;
				GCC_OPTIMIZATION_LEVEL = 0;
				GCC_PREPROCESSOR_DEFINITIONS = (
					"DEBUG=1",
					"$(inherited)",
				);
				GCC_WARN_64_TO_32_BIT_CONVERSION = YES;
				GCC_WARN_ABOUT_RETURN_TYPE = YES_ERROR;
				GCC_WARN_UNDECLARED_SELECTOR = YES;
				GCC_WARN_UNINITIALIZED_AUTOS = YES_AGGRESSIVE;
				GCC_WARN_UNUSED_FUNCTION = YES;
				GCC_WARN_UNUSED_VARIABLE = YES;
				LOCALIZATION_PREFERS_STRING_CATALOGS = YES;
				MTL_ENABLE_DEBUG_INFO = INCLUDE_SOURCE;
				MTL_FAST_MATH = YES;
				ONLY_ACTIVE_ARCH = YES;
				SWIFT_ACTIVE_COMPILATION_CONDITIONS = "DEBUG $(inherited)";
				SWIFT_OPTIMIZATION_LEVEL = "-Onone";
			};
			name = Debug;
		};
		45AADDAB2C196EE500DFAD20 /* Release */ = {
			isa = XCBuildConfiguration;
			buildSettings = {
				ALWAYS_SEARCH_USER_PATHS = NO;
				ASSETCATALOG_COMPILER_GENERATE_SWIFT_ASSET_SYMBOL_EXTENSIONS = YES;
				CLANG_ANALYZER_NONNULL = YES;
				CLANG_ANALYZER_NUMBER_OBJECT_CONVERSION = YES_AGGRESSIVE;
				CLANG_CXX_LANGUAGE_STANDARD = "gnu++20";
				CLANG_ENABLE_MODULES = YES;
				CLANG_ENABLE_OBJC_ARC = YES;
				CLANG_ENABLE_OBJC_WEAK = YES;
				CLANG_WARN_BLOCK_CAPTURE_AUTORELEASING = YES;
				CLANG_WARN_BOOL_CONVERSION = YES;
				CLANG_WARN_COMMA = YES;
				CLANG_WARN_CONSTANT_CONVERSION = YES;
				CLANG_WARN_DEPRECATED_OBJC_IMPLEMENTATIONS = YES;
				CLANG_WARN_DIRECT_OBJC_ISA_USAGE = YES_ERROR;
				CLANG_WARN_DOCUMENTATION_COMMENTS = YES;
				CLANG_WARN_EMPTY_BODY = YES;
				CLANG_WARN_ENUM_CONVERSION = YES;
				CLANG_WARN_INFINITE_RECURSION = YES;
				CLANG_WARN_INT_CONVERSION = YES;
				CLANG_WARN_NON_LITERAL_NULL_CONVERSION = YES;
				CLANG_WARN_OBJC_IMPLICIT_RETAIN_SELF = YES;
				CLANG_WARN_OBJC_LITERAL_CONVERSION = YES;
				CLANG_WARN_OBJC_ROOT_CLASS = YES_ERROR;
				CLANG_WARN_QUOTED_INCLUDE_IN_FRAMEWORK_HEADER = YES;
				CLANG_WARN_RANGE_LOOP_ANALYSIS = YES;
				CLANG_WARN_STRICT_PROTOTYPES = YES;
				CLANG_WARN_SUSPICIOUS_MOVE = YES;
				CLANG_WARN_UNGUARDED_AVAILABILITY = YES_AGGRESSIVE;
				CLANG_WARN_UNREACHABLE_CODE = YES;
				CLANG_WARN__DUPLICATE_METHOD_MATCH = YES;
				COPY_PHASE_STRIP = NO;
				DEBUG_INFORMATION_FORMAT = "dwarf-with-dsym";
				ENABLE_NS_ASSERTIONS = NO;
				ENABLE_STRICT_OBJC_MSGSEND = YES;
				ENABLE_USER_SCRIPT_SANDBOXING = YES;
				GCC_C_LANGUAGE_STANDARD = gnu17;
				GCC_NO_COMMON_BLOCKS = YES;
				GCC_WARN_64_TO_32_BIT_CONVERSION = YES;
				GCC_WARN_ABOUT_RETURN_TYPE = YES_ERROR;
				GCC_WARN_UNDECLARED_SELECTOR = YES;
				GCC_WARN_UNINITIALIZED_AUTOS = YES_AGGRESSIVE;
				GCC_WARN_UNUSED_FUNCTION = YES;
				GCC_WARN_UNUSED_VARIABLE = YES;
				LOCALIZATION_PREFERS_STRING_CATALOGS = YES;
				MTL_ENABLE_DEBUG_INFO = NO;
				MTL_FAST_MATH = YES;
				SWIFT_COMPILATION_MODE = wholemodule;
			};
			name = Release;
		};
		45AADDAD2C196EE500DFAD20 /* Debug */ = {
			isa = XCBuildConfiguration;
			buildSettings = {
				ASSETCATALOG_COMPILER_APPICON_NAME = AppIcon;
				ASSETCATALOG_COMPILER_GLOBAL_ACCENT_COLOR_NAME = AccentColor;
				CODE_SIGN_ENTITLEMENTS = XForm/XForm.entitlements;
				CODE_SIGN_STYLE = Automatic;
				CURRENT_PROJECT_VERSION = 1;
				DEVELOPMENT_ASSET_PATHS = "\"XForm/Preview Content\"";
				DEVELOPMENT_TEAM = 6E23EP94PG;
				ENABLE_HARDENED_RUNTIME = YES;
				ENABLE_PREVIEWS = YES;
				GENERATE_INFOPLIST_FILE = YES;
				"INFOPLIST_KEY_UIApplicationSceneManifest_Generation[sdk=iphoneos*]" = YES;
				"INFOPLIST_KEY_UIApplicationSceneManifest_Generation[sdk=iphonesimulator*]" = YES;
				"INFOPLIST_KEY_UIApplicationSupportsIndirectInputEvents[sdk=iphoneos*]" = YES;
				"INFOPLIST_KEY_UIApplicationSupportsIndirectInputEvents[sdk=iphonesimulator*]" = YES;
				"INFOPLIST_KEY_UILaunchScreen_Generation[sdk=iphoneos*]" = YES;
				"INFOPLIST_KEY_UILaunchScreen_Generation[sdk=iphonesimulator*]" = YES;
				"INFOPLIST_KEY_UIStatusBarStyle[sdk=iphoneos*]" = UIStatusBarStyleDefault;
				"INFOPLIST_KEY_UIStatusBarStyle[sdk=iphonesimulator*]" = UIStatusBarStyleDefault;
				INFOPLIST_KEY_UISupportedInterfaceOrientations_iPad = "UIInterfaceOrientationPortrait UIInterfaceOrientationPortraitUpsideDown UIInterfaceOrientationLandscapeLeft UIInterfaceOrientationLandscapeRight";
				INFOPLIST_KEY_UISupportedInterfaceOrientations_iPhone = "UIInterfaceOrientationPortrait UIInterfaceOrientationLandscapeLeft UIInterfaceOrientationLandscapeRight";
				IPHONEOS_DEPLOYMENT_TARGET = 18.0;
				LD_RUNPATH_SEARCH_PATHS = "@executable_path/Frameworks";
				"LD_RUNPATH_SEARCH_PATHS[sdk=macosx*]" = "@executable_path/../Frameworks";
				MACOSX_DEPLOYMENT_TARGET = 15.0;
				MARKETING_VERSION = 1.0;
				PRODUCT_BUNDLE_IDENTIFIER = io.schwa.XForm;
				PRODUCT_NAME = "$(TARGET_NAME)";
				SDKROOT = auto;
				SUPPORTED_PLATFORMS = "iphoneos iphonesimulator macosx xros xrsimulator";
				SWIFT_EMIT_LOC_STRINGS = YES;
				SWIFT_VERSION = 5.0;
				TARGETED_DEVICE_FAMILY = "1,2,7";
				XROS_DEPLOYMENT_TARGET = 2.0;
			};
			name = Debug;
		};
		45AADDAE2C196EE500DFAD20 /* Release */ = {
			isa = XCBuildConfiguration;
			buildSettings = {
				ASSETCATALOG_COMPILER_APPICON_NAME = AppIcon;
				ASSETCATALOG_COMPILER_GLOBAL_ACCENT_COLOR_NAME = AccentColor;
				CODE_SIGN_ENTITLEMENTS = XForm/XForm.entitlements;
				CODE_SIGN_STYLE = Automatic;
				CURRENT_PROJECT_VERSION = 1;
				DEVELOPMENT_ASSET_PATHS = "\"XForm/Preview Content\"";
				DEVELOPMENT_TEAM = 6E23EP94PG;
				ENABLE_HARDENED_RUNTIME = YES;
				ENABLE_PREVIEWS = YES;
				GENERATE_INFOPLIST_FILE = YES;
				"INFOPLIST_KEY_UIApplicationSceneManifest_Generation[sdk=iphoneos*]" = YES;
				"INFOPLIST_KEY_UIApplicationSceneManifest_Generation[sdk=iphonesimulator*]" = YES;
				"INFOPLIST_KEY_UIApplicationSupportsIndirectInputEvents[sdk=iphoneos*]" = YES;
				"INFOPLIST_KEY_UIApplicationSupportsIndirectInputEvents[sdk=iphonesimulator*]" = YES;
				"INFOPLIST_KEY_UILaunchScreen_Generation[sdk=iphoneos*]" = YES;
				"INFOPLIST_KEY_UILaunchScreen_Generation[sdk=iphonesimulator*]" = YES;
				"INFOPLIST_KEY_UIStatusBarStyle[sdk=iphoneos*]" = UIStatusBarStyleDefault;
				"INFOPLIST_KEY_UIStatusBarStyle[sdk=iphonesimulator*]" = UIStatusBarStyleDefault;
				INFOPLIST_KEY_UISupportedInterfaceOrientations_iPad = "UIInterfaceOrientationPortrait UIInterfaceOrientationPortraitUpsideDown UIInterfaceOrientationLandscapeLeft UIInterfaceOrientationLandscapeRight";
				INFOPLIST_KEY_UISupportedInterfaceOrientations_iPhone = "UIInterfaceOrientationPortrait UIInterfaceOrientationLandscapeLeft UIInterfaceOrientationLandscapeRight";
				IPHONEOS_DEPLOYMENT_TARGET = 18.0;
				LD_RUNPATH_SEARCH_PATHS = "@executable_path/Frameworks";
				"LD_RUNPATH_SEARCH_PATHS[sdk=macosx*]" = "@executable_path/../Frameworks";
				MACOSX_DEPLOYMENT_TARGET = 15.0;
				MARKETING_VERSION = 1.0;
				PRODUCT_BUNDLE_IDENTIFIER = io.schwa.XForm;
				PRODUCT_NAME = "$(TARGET_NAME)";
				SDKROOT = auto;
				SUPPORTED_PLATFORMS = "iphoneos iphonesimulator macosx xros xrsimulator";
				SWIFT_EMIT_LOC_STRINGS = YES;
				SWIFT_VERSION = 5.0;
				TARGETED_DEVICE_FAMILY = "1,2,7";
				XROS_DEPLOYMENT_TARGET = 2.0;
			};
			name = Release;
		};
		45AADDB02C196EE500DFAD20 /* Debug */ = {
			isa = XCBuildConfiguration;
			buildSettings = {
				BUNDLE_LOADER = "$(TEST_HOST)";
				CODE_SIGN_STYLE = Automatic;
				CURRENT_PROJECT_VERSION = 1;
				DEVELOPMENT_TEAM = 6E23EP94PG;
				GENERATE_INFOPLIST_FILE = YES;
				IPHONEOS_DEPLOYMENT_TARGET = 18.0;
				MACOSX_DEPLOYMENT_TARGET = 15.0;
				MARKETING_VERSION = 1.0;
				PRODUCT_BUNDLE_IDENTIFIER = io.schwa.XFormTests;
				PRODUCT_NAME = "$(TARGET_NAME)";
				SDKROOT = auto;
				SUPPORTED_PLATFORMS = "iphoneos iphonesimulator macosx xros xrsimulator";
				SWIFT_EMIT_LOC_STRINGS = NO;
				SWIFT_VERSION = 5.0;
				TARGETED_DEVICE_FAMILY = "1,2,7";
				TEST_HOST = "$(BUILT_PRODUCTS_DIR)/XForm.app/$(BUNDLE_EXECUTABLE_FOLDER_PATH)/XForm";
				XROS_DEPLOYMENT_TARGET = 2.0;
			};
			name = Debug;
		};
		45AADDB12C196EE500DFAD20 /* Release */ = {
			isa = XCBuildConfiguration;
			buildSettings = {
				BUNDLE_LOADER = "$(TEST_HOST)";
				CODE_SIGN_STYLE = Automatic;
				CURRENT_PROJECT_VERSION = 1;
				DEVELOPMENT_TEAM = 6E23EP94PG;
				GENERATE_INFOPLIST_FILE = YES;
				IPHONEOS_DEPLOYMENT_TARGET = 18.0;
				MACOSX_DEPLOYMENT_TARGET = 15.0;
				MARKETING_VERSION = 1.0;
				PRODUCT_BUNDLE_IDENTIFIER = io.schwa.XFormTests;
				PRODUCT_NAME = "$(TARGET_NAME)";
				SDKROOT = auto;
				SUPPORTED_PLATFORMS = "iphoneos iphonesimulator macosx xros xrsimulator";
				SWIFT_EMIT_LOC_STRINGS = NO;
				SWIFT_VERSION = 5.0;
				TARGETED_DEVICE_FAMILY = "1,2,7";
				TEST_HOST = "$(BUILT_PRODUCTS_DIR)/XForm.app/$(BUNDLE_EXECUTABLE_FOLDER_PATH)/XForm";
				XROS_DEPLOYMENT_TARGET = 2.0;
			};
			name = Release;
		};
		45AADDB32C196EE500DFAD20 /* Debug */ = {
			isa = XCBuildConfiguration;
			buildSettings = {
				CODE_SIGN_STYLE = Automatic;
				CURRENT_PROJECT_VERSION = 1;
				DEVELOPMENT_TEAM = 6E23EP94PG;
				GENERATE_INFOPLIST_FILE = YES;
				IPHONEOS_DEPLOYMENT_TARGET = 18.0;
				MACOSX_DEPLOYMENT_TARGET = 15.0;
				MARKETING_VERSION = 1.0;
				PRODUCT_BUNDLE_IDENTIFIER = io.schwa.XFormUITests;
				PRODUCT_NAME = "$(TARGET_NAME)";
				SDKROOT = auto;
				SUPPORTED_PLATFORMS = "iphoneos iphonesimulator macosx xros xrsimulator";
				SWIFT_EMIT_LOC_STRINGS = NO;
				SWIFT_VERSION = 5.0;
				TARGETED_DEVICE_FAMILY = "1,2,7";
				TEST_TARGET_NAME = XForm;
				XROS_DEPLOYMENT_TARGET = 2.0;
			};
			name = Debug;
		};
		45AADDB42C196EE500DFAD20 /* Release */ = {
			isa = XCBuildConfiguration;
			buildSettings = {
				CODE_SIGN_STYLE = Automatic;
				CURRENT_PROJECT_VERSION = 1;
				DEVELOPMENT_TEAM = 6E23EP94PG;
				GENERATE_INFOPLIST_FILE = YES;
				IPHONEOS_DEPLOYMENT_TARGET = 18.0;
				MACOSX_DEPLOYMENT_TARGET = 15.0;
				MARKETING_VERSION = 1.0;
				PRODUCT_BUNDLE_IDENTIFIER = io.schwa.XFormUITests;
				PRODUCT_NAME = "$(TARGET_NAME)";
				SDKROOT = auto;
				SUPPORTED_PLATFORMS = "iphoneos iphonesimulator macosx xros xrsimulator";
				SWIFT_EMIT_LOC_STRINGS = NO;
				SWIFT_VERSION = 5.0;
				TARGETED_DEVICE_FAMILY = "1,2,7";
				TEST_TARGET_NAME = XForm;
				XROS_DEPLOYMENT_TARGET = 2.0;
			};
			name = Release;
		};
/* End XCBuildConfiguration section */

/* Begin XCConfigurationList section */
		45AADD822C196EE400DFAD20 /* Build configuration list for PBXProject "XForm" */ = {
			isa = XCConfigurationList;
			buildConfigurations = (
				45AADDAA2C196EE500DFAD20 /* Debug */,
				45AADDAB2C196EE500DFAD20 /* Release */,
			);
			defaultConfigurationIsVisible = 0;
			defaultConfigurationName = Release;
		};
		45AADDAC2C196EE500DFAD20 /* Build configuration list for PBXNativeTarget "XForm" */ = {
			isa = XCConfigurationList;
			buildConfigurations = (
				45AADDAD2C196EE500DFAD20 /* Debug */,
				45AADDAE2C196EE500DFAD20 /* Release */,
			);
			defaultConfigurationIsVisible = 0;
			defaultConfigurationName = Release;
		};
		45AADDAF2C196EE500DFAD20 /* Build configuration list for PBXNativeTarget "XFormTests" */ = {
			isa = XCConfigurationList;
			buildConfigurations = (
				45AADDB02C196EE500DFAD20 /* Debug */,
				45AADDB12C196EE500DFAD20 /* Release */,
			);
			defaultConfigurationIsVisible = 0;
			defaultConfigurationName = Release;
		};
		45AADDB22C196EE500DFAD20 /* Build configuration list for PBXNativeTarget "XFormUITests" */ = {
			isa = XCConfigurationList;
			buildConfigurations = (
				45AADDB32C196EE500DFAD20 /* Debug */,
				45AADDB42C196EE500DFAD20 /* Release */,
			);
			defaultConfigurationIsVisible = 0;
			defaultConfigurationName = Release;
		};
/* End XCConfigurationList section */
	};
	rootObject = 45AADD7F2C196EE400DFAD20 /* Project object */;
}
